// !$*UTF8*$!
{
	archiveVersion = 1;
	classes = {
	};
	objectVersion = 56;
	objects = {

/* Begin PBXBuildFile section */
		17B9360B04B01FCAFDF4F82F /* Pods_Aspect.framework in Frameworks */ = {isa = PBXBuildFile; fileRef = C95DC96F03D983B7AE519E64 /* Pods_Aspect.framework */; };
		F6CD64E5291DD3630056B1E2 /* AppDelegate.swift in Sources */ = {isa = PBXBuildFile; fileRef = F6CD64E4291DD3630056B1E2 /* AppDelegate.swift */; };
		F6CD64E7291DD3630056B1E2 /* SceneDelegate.swift in Sources */ = {isa = PBXBuildFile; fileRef = F6CD64E6291DD3630056B1E2 /* SceneDelegate.swift */; };
		F6CD64E9291DD3630056B1E2 /* ViewController.swift in Sources */ = {isa = PBXBuildFile; fileRef = F6CD64E8291DD3630056B1E2 /* ViewController.swift */; };
		F6CD64EC291DD3630056B1E2 /* Main.storyboard in Resources */ = {isa = PBXBuildFile; fileRef = F6CD64EA291DD3630056B1E2 /* Main.storyboard */; };
		F6CD64EE291DD3650056B1E2 /* Assets.xcassets in Resources */ = {isa = PBXBuildFile; fileRef = F6CD64ED291DD3650056B1E2 /* Assets.xcassets */; };
		F6CD64F1291DD3650056B1E2 /* LaunchScreen.storyboard in Resources */ = {isa = PBXBuildFile; fileRef = F6CD64EF291DD3650056B1E2 /* LaunchScreen.storyboard */; };
		F6CD64FD291DDEC90056B1E2 /* FeedViewController.swift in Sources */ = {isa = PBXBuildFile; fileRef = F6CD64FC291DDEC90056B1E2 /* FeedViewController.swift */; };
		F6CD64FF291DDFDF0056B1E2 /* LoginViewController.swift in Sources */ = {isa = PBXBuildFile; fileRef = F6CD64FE291DDFDF0056B1E2 /* LoginViewController.swift */; };
/* End PBXBuildFile section */

/* Begin PBXFileReference section */
		0CC911492F303A39A0750E33 /* Pods-Aspect.debug.xcconfig */ = {isa = PBXFileReference; includeInIndex = 1; lastKnownFileType = text.xcconfig; name = "Pods-Aspect.debug.xcconfig"; path = "Target Support Files/Pods-Aspect/Pods-Aspect.debug.xcconfig"; sourceTree = "<group>"; };
		9806CC96D1140D9F6F72DB5D /* Pods-Aspect.release.xcconfig */ = {isa = PBXFileReference; includeInIndex = 1; lastKnownFileType = text.xcconfig; name = "Pods-Aspect.release.xcconfig"; path = "Target Support Files/Pods-Aspect/Pods-Aspect.release.xcconfig"; sourceTree = "<group>"; };
		C95DC96F03D983B7AE519E64 /* Pods_Aspect.framework */ = {isa = PBXFileReference; explicitFileType = wrapper.framework; includeInIndex = 0; path = Pods_Aspect.framework; sourceTree = BUILT_PRODUCTS_DIR; };
		F6CD64E1291DD3630056B1E2 /* Aspect.app */ = {isa = PBXFileReference; explicitFileType = wrapper.application; includeInIndex = 0; path = Aspect.app; sourceTree = BUILT_PRODUCTS_DIR; };
		F6CD64E4291DD3630056B1E2 /* AppDelegate.swift */ = {isa = PBXFileReference; lastKnownFileType = sourcecode.swift; path = AppDelegate.swift; sourceTree = "<group>"; };
		F6CD64E6291DD3630056B1E2 /* SceneDelegate.swift */ = {isa = PBXFileReference; lastKnownFileType = sourcecode.swift; path = SceneDelegate.swift; sourceTree = "<group>"; };
		F6CD64E8291DD3630056B1E2 /* ViewController.swift */ = {isa = PBXFileReference; lastKnownFileType = sourcecode.swift; path = ViewController.swift; sourceTree = "<group>"; };
		F6CD64EB291DD3630056B1E2 /* Base */ = {isa = PBXFileReference; lastKnownFileType = file.storyboard; name = Base; path = Base.lproj/Main.storyboard; sourceTree = "<group>"; };
		F6CD64ED291DD3650056B1E2 /* Assets.xcassets */ = {isa = PBXFileReference; lastKnownFileType = folder.assetcatalog; path = Assets.xcassets; sourceTree = "<group>"; };
		F6CD64F0291DD3650056B1E2 /* Base */ = {isa = PBXFileReference; lastKnownFileType = file.storyboard; name = Base; path = Base.lproj/LaunchScreen.storyboard; sourceTree = "<group>"; };
		F6CD64F2291DD3650056B1E2 /* Info.plist */ = {isa = PBXFileReference; lastKnownFileType = text.plist.xml; path = Info.plist; sourceTree = "<group>"; };
		F6CD64FC291DDEC90056B1E2 /* FeedViewController.swift */ = {isa = PBXFileReference; lastKnownFileType = sourcecode.swift; path = FeedViewController.swift; sourceTree = "<group>"; };
		F6CD64FE291DDFDF0056B1E2 /* LoginViewController.swift */ = {isa = PBXFileReference; lastKnownFileType = sourcecode.swift; path = LoginViewController.swift; sourceTree = "<group>"; };
/* End PBXFileReference section */

/* Begin PBXFrameworksBuildPhase section */
		F6CD64DE291DD3630056B1E2 /* Frameworks */ = {
			isa = PBXFrameworksBuildPhase;
			buildActionMask = 2147483647;
			files = (
				17B9360B04B01FCAFDF4F82F /* Pods_Aspect.framework in Frameworks */,
			);
			runOnlyForDeploymentPostprocessing = 0;
		};
/* End PBXFrameworksBuildPhase section */

/* Begin PBXGroup section */
		ADEE413F815F3F57612286EF /* Pods */ = {
			isa = PBXGroup;
			children = (
				0CC911492F303A39A0750E33 /* Pods-Aspect.debug.xcconfig */,
				9806CC96D1140D9F6F72DB5D /* Pods-Aspect.release.xcconfig */,
			);
			path = Pods;
			sourceTree = "<group>";
		};
		F6CD64D8291DD3630056B1E2 = {
			isa = PBXGroup;
			children = (
				F6CD64E3291DD3630056B1E2 /* Aspect */,
				F6CD64E2291DD3630056B1E2 /* Products */,
				ADEE413F815F3F57612286EF /* Pods */,
				FD1881E81FB456E80705FB49 /* Frameworks */,
			);
			sourceTree = "<group>";
		};
		F6CD64E2291DD3630056B1E2 /* Products */ = {
			isa = PBXGroup;
			children = (
				F6CD64E1291DD3630056B1E2 /* Aspect.app */,
			);
			name = Products;
			sourceTree = "<group>";
		};
		F6CD64E3291DD3630056B1E2 /* Aspect */ = {
			isa = PBXGroup;
			children = (
				F6CD64E4291DD3630056B1E2 /* AppDelegate.swift */,
				F6CD64E6291DD3630056B1E2 /* SceneDelegate.swift */,
				F6CD64E8291DD3630056B1E2 /* ViewController.swift */,
				F6CD64EA291DD3630056B1E2 /* Main.storyboard */,
				F6CD64ED291DD3650056B1E2 /* Assets.xcassets */,
				F6CD64EF291DD3650056B1E2 /* LaunchScreen.storyboard */,
				F6CD64F2291DD3650056B1E2 /* Info.plist */,
				F6CD64FC291DDEC90056B1E2 /* FeedViewController.swift */,
				F6CD64FE291DDFDF0056B1E2 /* LoginViewController.swift */,
			);
			path = Aspect;
			sourceTree = "<group>";
		};
		FD1881E81FB456E80705FB49 /* Frameworks */ = {
			isa = PBXGroup;
			children = (
				C95DC96F03D983B7AE519E64 /* Pods_Aspect.framework */,
			);
			name = Frameworks;
			sourceTree = "<group>";
		};
/* End PBXGroup section */

/* Begin PBXNativeTarget section */
		F6CD64E0291DD3630056B1E2 /* Aspect */ = {
			isa = PBXNativeTarget;
			buildConfigurationList = F6CD64F5291DD3650056B1E2 /* Build configuration list for PBXNativeTarget "Aspect" */;
			buildPhases = (
				5F37B711653B15180481BA06 /* [CP] Check Pods Manifest.lock */,
				F6CD64DD291DD3630056B1E2 /* Sources */,
				F6CD64DE291DD3630056B1E2 /* Frameworks */,
				F6CD64DF291DD3630056B1E2 /* Resources */,
				60524754E24990F228AA1401 /* [CP] Embed Pods Frameworks */,
			);
			buildRules = (
			);
			dependencies = (
			);
			name = Aspect;
			productName = Aspect;
			productReference = F6CD64E1291DD3630056B1E2 /* Aspect.app */;
			productType = "com.apple.product-type.application";
		};
/* End PBXNativeTarget section */

/* Begin PBXProject section */
		F6CD64D9291DD3630056B1E2 /* Project object */ = {
			isa = PBXProject;
			attributes = {
				BuildIndependentTargetsInParallel = 1;
				LastSwiftUpdateCheck = 1400;
				LastUpgradeCheck = 1400;
				TargetAttributes = {
					F6CD64E0291DD3630056B1E2 = {
						CreatedOnToolsVersion = 14.0.1;
					};
				};
			};
			buildConfigurationList = F6CD64DC291DD3630056B1E2 /* Build configuration list for PBXProject "Aspect" */;
			compatibilityVersion = "Xcode 14.0";
			developmentRegion = en;
			hasScannedForEncodings = 0;
			knownRegions = (
				en,
				Base,
			);
			mainGroup = F6CD64D8291DD3630056B1E2;
			productRefGroup = F6CD64E2291DD3630056B1E2 /* Products */;
			projectDirPath = "";
			projectRoot = "";
			targets = (
				F6CD64E0291DD3630056B1E2 /* Aspect */,
			);
		};
/* End PBXProject section */

/* Begin PBXResourcesBuildPhase section */
		F6CD64DF291DD3630056B1E2 /* Resources */ = {
			isa = PBXResourcesBuildPhase;
			buildActionMask = 2147483647;
			files = (
				F6CD64F1291DD3650056B1E2 /* LaunchScreen.storyboard in Resources */,
				F6CD64EE291DD3650056B1E2 /* Assets.xcassets in Resources */,
				F6CD64EC291DD3630056B1E2 /* Main.storyboard in Resources */,
			);
			runOnlyForDeploymentPostprocessing = 0;
		};
/* End PBXResourcesBuildPhase section */

/* Begin PBXShellScriptBuildPhase section */
		5F37B711653B15180481BA06 /* [CP] Check Pods Manifest.lock */ = {
			isa = PBXShellScriptBuildPhase;
			buildActionMask = 2147483647;
			files = (
			);
			inputFileListPaths = (
			);
			inputPaths = (
				"${PODS_PODFILE_DIR_PATH}/Podfile.lock",
				"${PODS_ROOT}/Manifest.lock",
			);
			name = "[CP] Check Pods Manifest.lock";
			outputFileListPaths = (
			);
			outputPaths = (
				"$(DERIVED_FILE_DIR)/Pods-Aspect-checkManifestLockResult.txt",
			);
			runOnlyForDeploymentPostprocessing = 0;
			shellPath = /bin/sh;
			shellScript = "diff \"${PODS_PODFILE_DIR_PATH}/Podfile.lock\" \"${PODS_ROOT}/Manifest.lock\" > /dev/null\nif [ $? != 0 ] ; then\n    # print error to STDERR\n    echo \"error: The sandbox is not in sync with the Podfile.lock. Run 'pod install' or update your CocoaPods installation.\" >&2\n    exit 1\nfi\n# This output is used by Xcode 'outputs' to avoid re-running this script phase.\necho \"SUCCESS\" > \"${SCRIPT_OUTPUT_FILE_0}\"\n";
			showEnvVarsInLog = 0;
		};
		60524754E24990F228AA1401 /* [CP] Embed Pods Frameworks */ = {
			isa = PBXShellScriptBuildPhase;
			buildActionMask = 2147483647;
			files = (
			);
			inputFileListPaths = (
				"${PODS_ROOT}/Target Support Files/Pods-Aspect/Pods-Aspect-frameworks-${CONFIGURATION}-input-files.xcfilelist",
			);
			name = "[CP] Embed Pods Frameworks";
			outputFileListPaths = (
				"${PODS_ROOT}/Target Support Files/Pods-Aspect/Pods-Aspect-frameworks-${CONFIGURATION}-output-files.xcfilelist",
			);
			runOnlyForDeploymentPostprocessing = 0;
			shellPath = /bin/sh;
			shellScript = "\"${PODS_ROOT}/Target Support Files/Pods-Aspect/Pods-Aspect-frameworks.sh\"\n";
			showEnvVarsInLog = 0;
		};
/* End PBXShellScriptBuildPhase section */

/* Begin PBXSourcesBuildPhase section */
		F6CD64DD291DD3630056B1E2 /* Sources */ = {
			isa = PBXSourcesBuildPhase;
			buildActionMask = 2147483647;
			files = (
				F6CD64E9291DD3630056B1E2 /* ViewController.swift in Sources */,
				F6CD64FD291DDEC90056B1E2 /* FeedViewController.swift in Sources */,
				F6CD64E5291DD3630056B1E2 /* AppDelegate.swift in Sources */,
				F6CD64FF291DDFDF0056B1E2 /* LoginViewController.swift in Sources */,
				F6CD64E7291DD3630056B1E2 /* SceneDelegate.swift in Sources */,
			);
			runOnlyForDeploymentPostprocessing = 0;
		};
/* End PBXSourcesBuildPhase section */

/* Begin PBXVariantGroup section */
		F6CD64EA291DD3630056B1E2 /* Main.storyboard */ = {
			isa = PBXVariantGroup;
			children = (
				F6CD64EB291DD3630056B1E2 /* Base */,
			);
			name = Main.storyboard;
			sourceTree = "<group>";
		};
		F6CD64EF291DD3650056B1E2 /* LaunchScreen.storyboard */ = {
			isa = PBXVariantGroup;
			children = (
				F6CD64F0291DD3650056B1E2 /* Base */,
			);
			name = LaunchScreen.storyboard;
			sourceTree = "<group>";
		};
/* End PBXVariantGroup section */

/* Begin XCBuildConfiguration section */
		F6CD64F3291DD3650056B1E2 /* Debug */ = {
			isa = XCBuildConfiguration;
			buildSettings = {
				ALWAYS_SEARCH_USER_PATHS = NO;
				CLANG_ANALYZER_NONNULL = YES;
				CLANG_ANALYZER_NUMBER_OBJECT_CONVERSION = YES_AGGRESSIVE;
				CLANG_CXX_LANGUAGE_STANDARD = "gnu++20";
				CLANG_ENABLE_MODULES = YES;
				CLANG_ENABLE_OBJC_ARC = YES;
				CLANG_ENABLE_OBJC_WEAK = YES;
				CLANG_WARN_BLOCK_CAPTURE_AUTORELEASING = YES;
				CLANG_WARN_BOOL_CONVERSION = YES;
				CLANG_WARN_COMMA = YES;
				CLANG_WARN_CONSTANT_CONVERSION = YES;
				CLANG_WARN_DEPRECATED_OBJC_IMPLEMENTATIONS = YES;
				CLANG_WARN_DIRECT_OBJC_ISA_USAGE = YES_ERROR;
				CLANG_WARN_DOCUMENTATION_COMMENTS = YES;
				CLANG_WARN_EMPTY_BODY = YES;
				CLANG_WARN_ENUM_CONVERSION = YES;
				CLANG_WARN_INFINITE_RECURSION = YES;
				CLANG_WARN_INT_CONVERSION = YES;
				CLANG_WARN_NON_LITERAL_NULL_CONVERSION = YES;
				CLANG_WARN_OBJC_IMPLICIT_RETAIN_SELF = YES;
				CLANG_WARN_OBJC_LITERAL_CONVERSION = YES;
				CLANG_WARN_OBJC_ROOT_CLASS = YES_ERROR;
				CLANG_WARN_QUOTED_INCLUDE_IN_FRAMEWORK_HEADER = YES;
				CLANG_WARN_RANGE_LOOP_ANALYSIS = YES;
				CLANG_WARN_STRICT_PROTOTYPES = YES;
				CLANG_WARN_SUSPICIOUS_MOVE = YES;
				CLANG_WARN_UNGUARDED_AVAILABILITY = YES_AGGRESSIVE;
				CLANG_WARN_UNREACHABLE_CODE = YES;
				CLANG_WARN__DUPLICATE_METHOD_MATCH = YES;
				COPY_PHASE_STRIP = NO;
				DEBUG_INFORMATION_FORMAT = dwarf;
				ENABLE_STRICT_OBJC_MSGSEND = YES;
				ENABLE_TESTABILITY = YES;
				GCC_C_LANGUAGE_STANDARD = gnu11;
				GCC_DYNAMIC_NO_PIC = NO;
				GCC_NO_COMMON_BLOCKS = YES;
				GCC_OPTIMIZATION_LEVEL = 0;
				GCC_PREPROCESSOR_DEFINITIONS = (
					"DEBUG=1",
					"$(inherited)",
				);
				GCC_WARN_64_TO_32_BIT_CONVERSION = YES;
				GCC_WARN_ABOUT_RETURN_TYPE = YES_ERROR;
				GCC_WARN_UNDECLARED_SELECTOR = YES;
				GCC_WARN_UNINITIALIZED_AUTOS = YES_AGGRESSIVE;
				GCC_WARN_UNUSED_FUNCTION = YES;
				GCC_WARN_UNUSED_VARIABLE = YES;
				IPHONEOS_DEPLOYMENT_TARGET = 16.0;
				MTL_ENABLE_DEBUG_INFO = INCLUDE_SOURCE;
				MTL_FAST_MATH = YES;
				ONLY_ACTIVE_ARCH = YES;
				SDKROOT = iphoneos;
				SWIFT_ACTIVE_COMPILATION_CONDITIONS = DEBUG;
				SWIFT_OPTIMIZATION_LEVEL = "-Onone";
			};
			name = Debug;
		};
		F6CD64F4291DD3650056B1E2 /* Release */ = {
			isa = XCBuildConfiguration;
			buildSettings = {
				ALWAYS_SEARCH_USER_PATHS = NO;
				CLANG_ANALYZER_NONNULL = YES;
				CLANG_ANALYZER_NUMBER_OBJECT_CONVERSION = YES_AGGRESSIVE;
				CLANG_CXX_LANGUAGE_STANDARD = "gnu++20";
				CLANG_ENABLE_MODULES = YES;
				CLANG_ENABLE_OBJC_ARC = YES;
				CLANG_ENABLE_OBJC_WEAK = YES;
				CLANG_WARN_BLOCK_CAPTURE_AUTORELEASING = YES;
				CLANG_WARN_BOOL_CONVERSION = YES;
				CLANG_WARN_COMMA = YES;
				CLANG_WARN_CONSTANT_CONVERSION = YES;
				CLANG_WARN_DEPRECATED_OBJC_IMPLEMENTATIONS = YES;
				CLANG_WARN_DIRECT_OBJC_ISA_USAGE = YES_ERROR;
				CLANG_WARN_DOCUMENTATION_COMMENTS = YES;
				CLANG_WARN_EMPTY_BODY = YES;
				CLANG_WARN_ENUM_CONVERSION = YES;
				CLANG_WARN_INFINITE_RECURSION = YES;
				CLANG_WARN_INT_CONVERSION = YES;
				CLANG_WARN_NON_LITERAL_NULL_CONVERSION = YES;
				CLANG_WARN_OBJC_IMPLICIT_RETAIN_SELF = YES;
				CLANG_WARN_OBJC_LITERAL_CONVERSION = YES;
				CLANG_WARN_OBJC_ROOT_CLASS = YES_ERROR;
				CLANG_WARN_QUOTED_INCLUDE_IN_FRAMEWORK_HEADER = YES;
				CLANG_WARN_RANGE_LOOP_ANALYSIS = YES;
				CLANG_WARN_STRICT_PROTOTYPES = YES;
				CLANG_WARN_SUSPICIOUS_MOVE = YES;
				CLANG_WARN_UNGUARDED_AVAILABILITY = YES_AGGRESSIVE;
				CLANG_WARN_UNREACHABLE_CODE = YES;
				CLANG_WARN__DUPLICATE_METHOD_MATCH = YES;
				COPY_PHASE_STRIP = NO;
				DEBUG_INFORMATION_FORMAT = "dwarf-with-dsym";
				ENABLE_NS_ASSERTIONS = NO;
				ENABLE_STRICT_OBJC_MSGSEND = YES;
				GCC_C_LANGUAGE_STANDARD = gnu11;
				GCC_NO_COMMON_BLOCKS = YES;
				GCC_WARN_64_TO_32_BIT_CONVERSION = YES;
				GCC_WARN_ABOUT_RETURN_TYPE = YES_ERROR;
				GCC_WARN_UNDECLARED_SELECTOR = YES;
				GCC_WARN_UNINITIALIZED_AUTOS = YES_AGGRESSIVE;
				GCC_WARN_UNUSED_FUNCTION = YES;
				GCC_WARN_UNUSED_VARIABLE = YES;
				IPHONEOS_DEPLOYMENT_TARGET = 16.0;
				MTL_ENABLE_DEBUG_INFO = NO;
				MTL_FAST_MATH = YES;
				SDKROOT = iphoneos;
				SWIFT_COMPILATION_MODE = wholemodule;
				SWIFT_OPTIMIZATION_LEVEL = "-O";
				VALIDATE_PRODUCT = YES;
			};
			name = Release;
		};
		F6CD64F6291DD3650056B1E2 /* Debug */ = {
			isa = XCBuildConfiguration;
			baseConfigurationReference = 0CC911492F303A39A0750E33 /* Pods-Aspect.debug.xcconfig */;
			buildSettings = {
				ASSETCATALOG_COMPILER_APPICON_NAME = AppIcon;
				ASSETCATALOG_COMPILER_GLOBAL_ACCENT_COLOR_NAME = AccentColor;
				CODE_SIGN_STYLE = Automatic;
				CURRENT_PROJECT_VERSION = 1;
				DEVELOPMENT_TEAM = LY57R2L8MY;
				GENERATE_INFOPLIST_FILE = YES;
				INFOPLIST_FILE = Aspect/Info.plist;
				INFOPLIST_KEY_UIApplicationSupportsIndirectInputEvents = YES;
				INFOPLIST_KEY_UILaunchStoryboardName = LaunchScreen;
				INFOPLIST_KEY_UIMainStoryboardFile = Main;
				INFOPLIST_KEY_UISupportedInterfaceOrientations_iPad = "UIInterfaceOrientationPortrait UIInterfaceOrientationPortraitUpsideDown UIInterfaceOrientationLandscapeLeft UIInterfaceOrientationLandscapeRight";
				INFOPLIST_KEY_UISupportedInterfaceOrientations_iPhone = "UIInterfaceOrientationPortrait UIInterfaceOrientationLandscapeLeft UIInterfaceOrientationLandscapeRight";
				LD_RUNPATH_SEARCH_PATHS = (
					"$(inherited)",
					"@executable_path/Frameworks",
				);
				MARKETING_VERSION = 1.0;
				PRODUCT_BUNDLE_IDENTIFIER = com.projects.Aspect;
				PRODUCT_NAME = "$(TARGET_NAME)";
				SWIFT_EMIT_LOC_STRINGS = YES;
				SWIFT_VERSION = 5.0;
				TARGETED_DEVICE_FAMILY = "1,2";
			};
			name = Debug;
		};
		F6CD64F7291DD3650056B1E2 /* Release */ = {
			isa = XCBuildConfiguration;
			baseConfigurationReference = 9806CC96D1140D9F6F72DB5D /* Pods-Aspect.release.xcconfig */;
			buildSettings = {
				ASSETCATALOG_COMPILER_APPICON_NAME = AppIcon;
				ASSETCATALOG_COMPILER_GLOBAL_ACCENT_COLOR_NAME = AccentColor;
				CODE_SIGN_STYLE = Automatic;
				CURRENT_PROJECT_VERSION = 1;
				DEVELOPMENT_TEAM = LY57R2L8MY;
				GENERATE_INFOPLIST_FILE = YES;
				INFOPLIST_FILE = Aspect/Info.plist;
				INFOPLIST_KEY_UIApplicationSupportsIndirectInputEvents = YES;
				INFOPLIST_KEY_UILaunchStoryboardName = LaunchScreen;
				INFOPLIST_KEY_UIMainStoryboardFile = Main;
				INFOPLIST_KEY_UISupportedInterfaceOrientations_iPad = "UIInterfaceOrientationPortrait UIInterfaceOrientationPortraitUpsideDown UIInterfaceOrientationLandscapeLeft UIInterfaceOrientationLandscapeRight";
				INFOPLIST_KEY_UISupportedInterfaceOrientations_iPhone = "UIInterfaceOrientationPortrait UIInterfaceOrientationLandscapeLeft UIInterfaceOrientationLandscapeRight";
				LD_RUNPATH_SEARCH_PATHS = (
					"$(inherited)",
					"@executable_path/Frameworks",
				);
				MARKETING_VERSION = 1.0;
				PRODUCT_BUNDLE_IDENTIFIER = com.projects.Aspect;
				PRODUCT_NAME = "$(TARGET_NAME)";
				SWIFT_EMIT_LOC_STRINGS = YES;
				SWIFT_VERSION = 5.0;
				TARGETED_DEVICE_FAMILY = "1,2";
			};
			name = Release;
		};
/* End XCBuildConfiguration section */

/* Begin XCConfigurationList section */
		F6CD64DC291DD3630056B1E2 /* Build configuration list for PBXProject "Aspect" */ = {
			isa = XCConfigurationList;
			buildConfigurations = (
				F6CD64F3291DD3650056B1E2 /* Debug */,
				F6CD64F4291DD3650056B1E2 /* Release */,
			);
			defaultConfigurationIsVisible = 0;
			defaultConfigurationName = Release;
		};
		F6CD64F5291DD3650056B1E2 /* Build configuration list for PBXNativeTarget "Aspect" */ = {
			isa = XCConfigurationList;
			buildConfigurations = (
				F6CD64F6291DD3650056B1E2 /* Debug */,
				F6CD64F7291DD3650056B1E2 /* Release */,
			);
			defaultConfigurationIsVisible = 0;
			defaultConfigurationName = Release;
		};
/* End XCConfigurationList section */
	};
	rootObject = F6CD64D9291DD3630056B1E2 /* Project object */;
}
